// !$*UTF8*$!
{
	archiveVersion = 1;
	classes = {
	};
	objectVersion = 56;
	objects = {

/* Begin PBXBuildFile section */
		A10001 /* SnoozeRemoteApp.swift in Sources */ = {isa = PBXBuildFile; fileRef = A20001 /* SnoozeRemoteApp.swift */; };
		A10002 /* ContentView.swift in Sources */ = {isa = PBXBuildFile; fileRef = A20002 /* ContentView.swift */; };
		A10003 /* Assets.xcassets in Resources */ = {isa = PBXBuildFile; fileRef = A20003 /* Assets.xcassets */; };
		A10004 /* PhoneSessionManager.swift in Sources */ = {isa = PBXBuildFile; fileRef = A20004 /* PhoneSessionManager.swift */; };
		A10005 /* MediaController.swift in Sources */ = {isa = PBXBuildFile; fileRef = A20005 /* MediaController.swift */; };
		A10010 /* WatchApp.swift in Sources */ = {isa = PBXBuildFile; fileRef = A20010 /* WatchApp.swift */; };
		A10011 /* HomeView.swift in Sources */ = {isa = PBXBuildFile; fileRef = A20011 /* HomeView.swift */; };
		A10012 /* ActiveTimerView.swift in Sources */ = {isa = PBXBuildFile; fileRef = A20012 /* ActiveTimerView.swift */; };
		A10013 /* CustomPickerView.swift in Sources */ = {isa = PBXBuildFile; fileRef = A20013 /* CustomPickerView.swift */; };
		A10014 /* Assets.xcassets in Resources */ = {isa = PBXBuildFile; fileRef = A20014 /* Assets.xcassets */; };
		A10015 /* WatchSessionManager.swift in Sources */ = {isa = PBXBuildFile; fileRef = A20015 /* WatchSessionManager.swift */; };
		A10016 /* CompletionView.swift in Sources */ = {isa = PBXBuildFile; fileRef = A20016 /* CompletionView.swift */; };
		A10017 /* TimerState.swift in Sources */ = {isa = PBXBuildFile; fileRef = A20017 /* TimerState.swift */; };
		A10018 /* TimerState.swift in Sources */ = {isa = PBXBuildFile; fileRef = A20017 /* TimerState.swift */; };
		AF0002 /* SnoozeRemoteWatch.app in Embed Watch Content */ = {isa = PBXBuildFile; fileRef = A30002 /* SnoozeRemoteWatch.app */; settings = {ATTRIBUTES = (RemoveHeadersOnCopy, ); }; };
/* End PBXBuildFile section */

/* Begin PBXContainerItemProxy section */
		AD0001 /* PBXContainerItemProxy */ = {
			isa = PBXContainerItemProxy;
			containerPortal = A00001 /* Project object */;
			proxyType = 1;
			remoteGlobalIDString = A70002;
			remoteInfo = SnoozeRemoteWatch;
		};
/* End PBXContainerItemProxy section */

/* Begin PBXCopyFilesBuildPhase section */
		AF0001 /* Embed Watch Content */ = {
			isa = PBXCopyFilesBuildPhase;
			buildActionMask = 2147483647;
			dstPath = "$(CONTENTS_FOLDER_PATH)/Watch";
			dstSubfolderSpec = 16;
			files = (
				AF0002 /* SnoozeRemoteWatch.app in Embed Watch Content */,
			);
			name = "Embed Watch Content";
			runOnlyForDeploymentPostprocessing = 0;
		};
/* End PBXCopyFilesBuildPhase section */

/* Begin PBXFileReference section */
		A20001 /* SnoozeRemoteApp.swift */ = {isa = PBXFileReference; lastKnownFileType = sourcecode.swift; path = SnoozeRemoteApp.swift; sourceTree = "<group>"; };
		A20002 /* ContentView.swift */ = {isa = PBXFileReference; lastKnownFileType = sourcecode.swift; path = ContentView.swift; sourceTree = "<group>"; };
		A20003 /* Assets.xcassets */ = {isa = PBXFileReference; lastKnownFileType = folder.assetcatalog; path = Assets.xcassets; sourceTree = "<group>"; };
		A20004 /* PhoneSessionManager.swift */ = {isa = PBXFileReference; lastKnownFileType = sourcecode.swift; path = PhoneSessionManager.swift; sourceTree = "<group>"; };
		A20005 /* MediaController.swift */ = {isa = PBXFileReference; lastKnownFileType = sourcecode.swift; path = MediaController.swift; sourceTree = "<group>"; };
		A20010 /* WatchApp.swift */ = {isa = PBXFileReference; lastKnownFileType = sourcecode.swift; path = WatchApp.swift; sourceTree = "<group>"; };
		A20011 /* HomeView.swift */ = {isa = PBXFileReference; lastKnownFileType = sourcecode.swift; path = HomeView.swift; sourceTree = "<group>"; };
		A20012 /* ActiveTimerView.swift */ = {isa = PBXFileReference; lastKnownFileType = sourcecode.swift; path = ActiveTimerView.swift; sourceTree = "<group>"; };
		A20013 /* CustomPickerView.swift */ = {isa = PBXFileReference; lastKnownFileType = sourcecode.swift; path = CustomPickerView.swift; sourceTree = "<group>"; };
		A20014 /* Assets.xcassets */ = {isa = PBXFileReference; lastKnownFileType = folder.assetcatalog; path = Assets.xcassets; sourceTree = "<group>"; };
		A20015 /* WatchSessionManager.swift */ = {isa = PBXFileReference; lastKnownFileType = sourcecode.swift; path = WatchSessionManager.swift; sourceTree = "<group>"; };
		A20016 /* CompletionView.swift */ = {isa = PBXFileReference; lastKnownFileType = sourcecode.swift; path = CompletionView.swift; sourceTree = "<group>"; };
		A20017 /* TimerState.swift */ = {isa = PBXFileReference; lastKnownFileType = sourcecode.swift; path = TimerState.swift; sourceTree = "<group>"; };
		A30001 /* SnoozeRemote.app */ = {isa = PBXFileReference; explicitFileType = wrapper.application; includeInIndex = 0; path = SnoozeRemote.app; sourceTree = BUILT_PRODUCTS_DIR; };
		A30002 /* SnoozeRemoteWatch.app */ = {isa = PBXFileReference; explicitFileType = wrapper.application; includeInIndex = 0; path = SnoozeRemoteWatch.app; sourceTree = BUILT_PRODUCTS_DIR; };
		A40001 /* Info.plist */ = {isa = PBXFileReference; lastKnownFileType = text.plist.xml; path = Info.plist; sourceTree = "<group>"; };
		A40002 /* Info.plist */ = {isa = PBXFileReference; lastKnownFileType = text.plist.xml; path = Info.plist; sourceTree = "<group>"; };
		A40003 /* SnoozeRemote.entitlements */ = {isa = PBXFileReference; lastKnownFileType = text.plist.entitlements; path = SnoozeRemote.entitlements; sourceTree = "<group>"; };
		A40004 /* SnoozeRemoteWatch.entitlements */ = {isa = PBXFileReference; lastKnownFileType = text.plist.entitlements; path = SnoozeRemoteWatch.entitlements; sourceTree = "<group>"; };
/* End PBXFileReference section */

/* Begin PBXFrameworksBuildPhase section */
		A50001 /* Frameworks */ = {
			isa = PBXFrameworksBuildPhase;
			buildActionMask = 2147483647;
			files = (
			);
			runOnlyForDeploymentPostprocessing = 0;
		};
		A50002 /* Frameworks */ = {
			isa = PBXFrameworksBuildPhase;
			buildActionMask = 2147483647;
			files = (
			);
			runOnlyForDeploymentPostprocessing = 0;
		};
/* End PBXFrameworksBuildPhase section */

/* Begin PBXGroup section */
		A60000 = {
			isa = PBXGroup;
			children = (
				A60001 /* SnoozeRemote */,
				A60002 /* SnoozeRemoteWatch */,
				A60003 /* Shared */,
				A60004 /* Products */,
			);
			sourceTree = "<group>";
		};
		A60001 /* SnoozeRemote */ = {
			isa = PBXGroup;
			children = (
				A20001 /* SnoozeRemoteApp.swift */,
				A20002 /* ContentView.swift */,
				A20004 /* PhoneSessionManager.swift */,
				A20005 /* MediaController.swift */,
				A20003 /* Assets.xcassets */,
				A40001 /* Info.plist */,
				A40003 /* SnoozeRemote.entitlements */,
			);
			path = SnoozeRemote;
			sourceTree = "<group>";
		};
		A60002 /* SnoozeRemoteWatch */ = {
			isa = PBXGroup;
			children = (
				A20010 /* WatchApp.swift */,
				A60005 /* Views */,
				A20015 /* WatchSessionManager.swift */,
				A20014 /* Assets.xcassets */,
				A40002 /* Info.plist */,
				A40004 /* SnoozeRemoteWatch.entitlements */,
			);
			path = SnoozeRemoteWatch;
			sourceTree = "<group>";
		};
		A60003 /* Shared */ = {
			isa = PBXGroup;
			children = (
				A20017 /* TimerState.swift */,
			);
			path = Shared;
			sourceTree = "<group>";
		};
		A60004 /* Products */ = {
			isa = PBXGroup;
			children = (
				A30001 /* SnoozeRemote.app */,
				A30002 /* SnoozeRemoteWatch.app */,
			);
			name = Products;
			sourceTree = "<group>";
		};
		A60005 /* Views */ = {
			isa = PBXGroup;
			children = (
				A20011 /* HomeView.swift */,
				A20012 /* ActiveTimerView.swift */,
				A20013 /* CustomPickerView.swift */,
				A20016 /* CompletionView.swift */,
			);
			path = Views;
			sourceTree = "<group>";
		};
/* End PBXGroup section */

/* Begin PBXNativeTarget section */
		A70001 /* SnoozeRemote */ = {
			isa = PBXNativeTarget;
			buildConfigurationList = A90001 /* Build configuration list for PBXNativeTarget "SnoozeRemote" */;
			buildPhases = (
				A80001 /* Sources */,
				A50001 /* Frameworks */,
				AB0001 /* Resources */,
				AF0001 /* Embed Watch Content */,
			);
			buildRules = (
			);
			dependencies = (
				AE0001 /* PBXTargetDependency */,
			);
			name = SnoozeRemote;
			productName = SnoozeRemote;
			productReference = A30001 /* SnoozeRemote.app */;
			productType = "com.apple.product-type.application";
		};
		A70002 /* SnoozeRemoteWatch */ = {
			isa = PBXNativeTarget;
			buildConfigurationList = A90002 /* Build configuration list for PBXNativeTarget "SnoozeRemoteWatch" */;
			buildPhases = (
				A80002 /* Sources */,
				A50002 /* Frameworks */,
				AB0002 /* Resources */,
			);
			buildRules = (
			);
			dependencies = (
			);
			name = SnoozeRemoteWatch;
			productName = SnoozeRemoteWatch;
			productReference = A30002 /* SnoozeRemoteWatch.app */;
			productType = "com.apple.product-type.application";
		};
/* End PBXNativeTarget section */

/* Begin PBXProject section */
		A00001 /* Project object */ = {
			isa = PBXProject;
			attributes = {
				BuildIndependentTargetsInParallel = 1;
				LastSwiftUpdateCheck = 1500;
				LastUpgradeCheck = 2620;
			};
			buildConfigurationList = A90000 /* Build configuration list for PBXProject "SnoozeRemote" */;
			compatibilityVersion = "Xcode 14.0";
			developmentRegion = en;
			hasScannedForEncodings = 0;
			knownRegions = (
				en,
				Base,
			);
			mainGroup = A60000;
			productRefGroup = A60004 /* Products */;
			projectDirPath = "";
			projectRoot = "";
			targets = (
				A70001 /* SnoozeRemote */,
				A70002 /* SnoozeRemoteWatch */,
			);
		};
/* End PBXProject section */

/* Begin PBXResourcesBuildPhase section */
		AB0001 /* Resources */ = {
			isa = PBXResourcesBuildPhase;
			buildActionMask = 2147483647;
			files = (
				A10003 /* Assets.xcassets in Resources */,
			);
			runOnlyForDeploymentPostprocessing = 0;
		};
		AB0002 /* Resources */ = {
			isa = PBXResourcesBuildPhase;
			buildActionMask = 2147483647;
			files = (
				A10014 /* Assets.xcassets in Resources */,
			);
			runOnlyForDeploymentPostprocessing = 0;
		};
/* End PBXResourcesBuildPhase section */

/* Begin PBXSourcesBuildPhase section */
		A80001 /* Sources */ = {
			isa = PBXSourcesBuildPhase;
			buildActionMask = 2147483647;
			files = (
				A10001 /* SnoozeRemoteApp.swift in Sources */,
				A10002 /* ContentView.swift in Sources */,
				A10004 /* PhoneSessionManager.swift in Sources */,
				A10005 /* MediaController.swift in Sources */,
				A10017 /* TimerState.swift in Sources */,
			);
			runOnlyForDeploymentPostprocessing = 0;
		};
		A80002 /* Sources */ = {
			isa = PBXSourcesBuildPhase;
			buildActionMask = 2147483647;
			files = (
				A10010 /* WatchApp.swift in Sources */,
				A10011 /* HomeView.swift in Sources */,
				A10012 /* ActiveTimerView.swift in Sources */,
				A10013 /* CustomPickerView.swift in Sources */,
				A10015 /* WatchSessionManager.swift in Sources */,
				A10016 /* CompletionView.swift in Sources */,
				A10018 /* TimerState.swift in Sources */,
			);
			runOnlyForDeploymentPostprocessing = 0;
		};
/* End PBXSourcesBuildPhase section */

/* Begin PBXTargetDependency section */
		AE0001 /* PBXTargetDependency */ = {
			isa = PBXTargetDependency;
			target = A70002 /* SnoozeRemoteWatch */;
			targetProxy = AD0001 /* PBXContainerItemProxy */;
		};
/* End PBXTargetDependency section */

/* Begin XCBuildConfiguration section */
		AC0001 /* Debug */ = {
			isa = XCBuildConfiguration;
			buildSettings = {
				ALWAYS_SEARCH_USER_PATHS = NO;
				CLANG_ANALYZER_NONNULL = YES;
				CLANG_CXX_LANGUAGE_STANDARD = "gnu++20";
				CLANG_ENABLE_MODULES = YES;
				CLANG_ENABLE_OBJC_ARC = YES;
				COPY_PHASE_STRIP = NO;
				DEBUG_INFORMATION_FORMAT = dwarf;
				ENABLE_STRICT_OBJC_MSGSEND = YES;
				ENABLE_TESTABILITY = YES;
				GCC_DYNAMIC_NO_PIC = NO;
				GCC_OPTIMIZATION_LEVEL = 0;
				GCC_PREPROCESSOR_DEFINITIONS = (
					"DEBUG=1",
					"$(inherited)",
				);
				GCC_WARN_ABOUT_RETURN_TYPE = YES_ERROR;
				GCC_WARN_UNINITIALIZED_AUTOS = YES_AGGRESSIVE;
				MTL_ENABLE_DEBUG_INFO = INCLUDE_SOURCE;
				ONLY_ACTIVE_ARCH = YES;
				SWIFT_ACTIVE_COMPILATION_CONDITIONS = DEBUG;
				SWIFT_OPTIMIZATION_LEVEL = "-Onone";
			};
			name = Debug;
		};
		AC0002 /* Release */ = {
			isa = XCBuildConfiguration;
			buildSettings = {
				ALWAYS_SEARCH_USER_PATHS = NO;
				CLANG_ANALYZER_NONNULL = YES;
				CLANG_CXX_LANGUAGE_STANDARD = "gnu++20";
				CLANG_ENABLE_MODULES = YES;
				CLANG_ENABLE_OBJC_ARC = YES;
				COPY_PHASE_STRIP = NO;
				DEBUG_INFORMATION_FORMAT = "dwarf-with-dsym";
				ENABLE_NS_ASSERTIONS = NO;
				ENABLE_STRICT_OBJC_MSGSEND = YES;
				GCC_WARN_ABOUT_RETURN_TYPE = YES_ERROR;
				GCC_WARN_UNINITIALIZED_AUTOS = YES_AGGRESSIVE;
				MTL_ENABLE_DEBUG_INFO = NO;
				SWIFT_COMPILATION_MODE = wholemodule;
				SWIFT_OPTIMIZATION_LEVEL = "-O";
			};
			name = Release;
		};
		AC0003 /* Debug */ = {
			isa = XCBuildConfiguration;
			buildSettings = {
				ASSETCATALOG_COMPILER_APPICON_NAME = AppIcon;
				ASSETCATALOG_COMPILER_GLOBAL_ACCENT_COLOR_NAME = AccentColor;
				CODE_SIGN_ENTITLEMENTS = SnoozeRemote/SnoozeRemote.entitlements;
				CODE_SIGN_STYLE = Automatic;
				CURRENT_PROJECT_VERSION = 1;
				DEVELOPMENT_TEAM = 9XH4G9XR8X;
				GENERATE_INFOPLIST_FILE = YES;
				INFOPLIST_FILE = SnoozeRemote/Info.plist;
				INFOPLIST_KEY_UIApplicationSceneManifest_Generation = YES;
				INFOPLIST_KEY_UIApplicationSupportsIndirectInputEvents = YES;
				INFOPLIST_KEY_UILaunchScreen_Generation = YES;
				INFOPLIST_KEY_UISupportedInterfaceOrientations_iPad = "UIInterfaceOrientationPortrait UIInterfaceOrientationPortraitUpsideDown UIInterfaceOrientationLandscapeLeft UIInterfaceOrientationLandscapeRight";
				INFOPLIST_KEY_UISupportedInterfaceOrientations_iPhone = "UIInterfaceOrientationPortrait UIInterfaceOrientationPortraitUpsideDown";
				IPHONEOS_DEPLOYMENT_TARGET = 17.0;
				LD_RUNPATH_SEARCH_PATHS = (
					"$(inherited)",
					"@executable_path/Frameworks",
				);
				MARKETING_VERSION = 1.0;
				PRODUCT_BUNDLE_IDENTIFIER = com.snoozeremote.app;
				PRODUCT_NAME = "$(TARGET_NAME)";
				SDKROOT = iphoneos;
				SUPPORTED_PLATFORMS = "iphoneos iphonesimulator";
				SWIFT_EMIT_LOC_STRINGS = YES;
				SWIFT_VERSION = 5.0;
				TARGETED_DEVICE_FAMILY = "1,2";
			};
			name = Debug;
		};
		AC0004 /* Release */ = {
			isa = XCBuildConfiguration;
			buildSettings = {
				ASSETCATALOG_COMPILER_APPICON_NAME = AppIcon;
				ASSETCATALOG_COMPILER_GLOBAL_ACCENT_COLOR_NAME = AccentColor;
				CODE_SIGN_ENTITLEMENTS = SnoozeRemote/SnoozeRemote.entitlements;
				CODE_SIGN_STYLE = Automatic;
				CURRENT_PROJECT_VERSION = 1;
				DEVELOPMENT_TEAM = 9XH4G9XR8X;
				GENERATE_INFOPLIST_FILE = YES;
				INFOPLIST_FILE = SnoozeRemote/Info.plist;
				INFOPLIST_KEY_UIApplicationSceneManifest_Generation = YES;
				INFOPLIST_KEY_UIApplicationSupportsIndirectInputEvents = YES;
				INFOPLIST_KEY_UILaunchScreen_Generation = YES;
				INFOPLIST_KEY_UISupportedInterfaceOrientations_iPad = "UIInterfaceOrientationPortrait UIInterfaceOrientationPortraitUpsideDown UIInterfaceOrientationLandscapeLeft UIInterfaceOrientationLandscapeRight";
				INFOPLIST_KEY_UISupportedInterfaceOrientations_iPhone = "UIInterfaceOrientationPortrait UIInterfaceOrientationPortraitUpsideDown";
				IPHONEOS_DEPLOYMENT_TARGET = 17.0;
				LD_RUNPATH_SEARCH_PATHS = (
					"$(inherited)",
					"@executable_path/Frameworks",
				);
				MARKETING_VERSION = 1.0;
				PRODUCT_BUNDLE_IDENTIFIER = com.snoozeremote.app;
				PRODUCT_NAME = "$(TARGET_NAME)";
				SDKROOT = iphoneos;
				SUPPORTED_PLATFORMS = "iphoneos iphonesimulator";
				SWIFT_EMIT_LOC_STRINGS = YES;
				SWIFT_VERSION = 5.0;
				TARGETED_DEVICE_FAMILY = "1,2";
			};
			name = Release;
		};
		AC0005 /* Debug */ = {
			isa = XCBuildConfiguration;
			buildSettings = {
				ASSETCATALOG_COMPILER_APPICON_NAME = AppIcon;
				ASSETCATALOG_COMPILER_GLOBAL_ACCENT_COLOR_NAME = AccentColor;
				CODE_SIGN_ENTITLEMENTS = SnoozeRemoteWatch/SnoozeRemoteWatch.entitlements;
				CODE_SIGN_STYLE = Automatic;
				CURRENT_PROJECT_VERSION = 1;
				DEVELOPMENT_TEAM = 9XH4G9XR8X;
				GENERATE_INFOPLIST_FILE = YES;
				INFOPLIST_FILE = SnoozeRemoteWatch/Info.plist;
				INFOPLIST_KEY_CFBundleDisplayName = SnoozeRemote;
				INFOPLIST_KEY_UISupportedInterfaceOrientations = "UIInterfaceOrientationPortrait UIInterfaceOrientationPortraitUpsideDown";
				INFOPLIST_KEY_WKCompanionAppBundleIdentifier = com.snoozeremote.app;
				LD_RUNPATH_SEARCH_PATHS = (
					"$(inherited)",
					"@executable_path/Frameworks",
				);
				MARKETING_VERSION = 1.0;
				PRODUCT_BUNDLE_IDENTIFIER = com.snoozeremote.app.watchkitapp;
				PRODUCT_NAME = "$(TARGET_NAME)";
				SDKROOT = watchos;
				SUPPORTED_PLATFORMS = "watchos watchsimulator";
				SWIFT_EMIT_LOC_STRINGS = YES;
				SWIFT_VERSION = 5.0;
				TARGETED_DEVICE_FAMILY = 4;
				WATCHOS_DEPLOYMENT_TARGET = 10.0;
			};
			name = Debug;
		};
		AC0006 /* Release */ = {
			isa = XCBuildConfiguration;
			buildSettings = {
				ASSETCATALOG_COMPILER_APPICON_NAME = AppIcon;
				ASSETCATALOG_COMPILER_GLOBAL_ACCENT_COLOR_NAME = AccentColor;
				CODE_SIGN_ENTITLEMENTS = SnoozeRemoteWatch/SnoozeRemoteWatch.entitlements;
				CODE_SIGN_STYLE = Automatic;
				CURRENT_PROJECT_VERSION = 1;
				DEVELOPMENT_TEAM = 9XH4G9XR8X;
				GENERATE_INFOPLIST_FILE = YES;
				INFOPLIST_FILE = SnoozeRemoteWatch/Info.plist;
				INFOPLIST_KEY_CFBundleDisplayName = SnoozeRemote;
				INFOPLIST_KEY_UISupportedInterfaceOrientations = "UIInterfaceOrientationPortrait UIInterfaceOrientationPortraitUpsideDown";
				INFOPLIST_KEY_WKCompanionAppBundleIdentifier = com.snoozeremote.app;
				LD_RUNPATH_SEARCH_PATHS = (
					"$(inherited)",
					"@executable_path/Frameworks",
				);
				MARKETING_VERSION = 1.0;
				PRODUCT_BUNDLE_IDENTIFIER = com.snoozeremote.app.watchkitapp;
				PRODUCT_NAME = "$(TARGET_NAME)";
				SDKROOT = watchos;
				SUPPORTED_PLATFORMS = "watchos watchsimulator";
				SWIFT_EMIT_LOC_STRINGS = YES;
				SWIFT_VERSION = 5.0;
				TARGETED_DEVICE_FAMILY = 4;
				WATCHOS_DEPLOYMENT_TARGET = 10.0;
			};
			name = Release;
		};
/* End XCBuildConfiguration section */

/* Begin XCConfigurationList section */
		A90000 /* Build configuration list for PBXProject "SnoozeRemote" */ = {
			isa = XCConfigurationList;
			buildConfigurations = (
				AC0001 /* Debug */,
				AC0002 /* Release */,
			);
			defaultConfigurationIsVisible = 0;
			defaultConfigurationName = Release;
		};
		A90001 /* Build configuration list for PBXNativeTarget "SnoozeRemote" */ = {
			isa = XCConfigurationList;
			buildConfigurations = (
				AC0003 /* Debug */,
				AC0004 /* Release */,
			);
			defaultConfigurationIsVisible = 0;
			defaultConfigurationName = Release;
		};
		A90002 /* Build configuration list for PBXNativeTarget "SnoozeRemoteWatch" */ = {
			isa = XCConfigurationList;
			buildConfigurations = (
				AC0005 /* Debug */,
				AC0006 /* Release */,
			);
			defaultConfigurationIsVisible = 0;
			defaultConfigurationName = Release;
		};
/* End XCConfigurationList section */
	};
	rootObject = A00001 /* Project object */;
}
